# This file is automatically @generated by Cargo.
# It is not intended for manual editing.
[[package]]
name = "lean_cgmath"
version = "0.6.3"
source = "git+https://github.com/lambdaxymox/lean-cgmath#db93ca90b58355f6523a30f67948654c6b64df77"

[[package]]
name = "pt"
version = "0.1.0"
dependencies = [
 "lean_cgmath 0.6.3 (git+https://github.com/lambdaxymox/lean-cgmath)",
]

[metadata]
"checksum lean_cgmath 0.6.3 (git+https://github.com/lambdaxymox/lean-cgmath)" = "<none>"
